
Microsoft Visual Studio Solution File, Format Version 12.00
# Visual Studio Version 17
VisualStudioVersion = 17.12.35707.178 d17.12
MinimumVisualStudioVersion = 10.0.40219.1
Project("{FAE04EC0-301F-11D3-BF4B-00C04F79EFBC}") = "TrackerLibrary", "TrackerLibrary\TrackerLibrary.csproj", "{6840A067-8733-4E27-9921-6553D6F010D9}"
EndProject
Project("{FAE04EC0-301F-11D3-BF4B-00C04F79EFBC}") = "TrackerUI", "TrackerUI\TrackerUI.csproj", "{12C206E2-9AB4-4322-BA7E-1BA46E3BC9BA}"
EndProject
Global
	GlobalSection(SolutionConfigurationPlatforms) = preSolution
		Debug|Any CPU = Debug|Any CPU
		Release|Any CPU = Release|Any CPU
	EndGlobalSection
	GlobalSection(ProjectConfigurationPlatforms) = postSolution
		{6840A067-8733-4E27-9921-6553D6F010D9}.Debug|Any CPU.ActiveCfg = Debug|Any CPU
		{6840A067-8733-4E27-9921-6553D6F010D9}.Debug|Any CPU.Build.0 = Debug|Any CPU
		{6840A067-8733-4E27-9921-6553D6F010D9}.Release|Any CPU.ActiveCfg = Release|Any CPU
		{6840A067-8733-4E27-9921-6553D6F010D9}.Release|Any CPU.Build.0 = Release|Any CPU
		{12C206E2-9AB4-4322-BA7E-1BA46E3BC9BA}.Debug|Any CPU.ActiveCfg = Debug|Any CPU
		{12C206E2-9AB4-4322-BA7E-1BA46E3BC9BA}.Debug|Any CPU.Build.0 = Debug|Any CPU
		{12C206E2-9AB4-4322-BA7E-1BA46E3BC9BA}.Release|Any CPU.ActiveCfg = Release|Any CPU
		{12C206E2-9AB4-4322-BA7E-1BA46E3BC9BA}.Release|Any CPU.Build.0 = Release|Any CPU
	EndGlobalSection
	GlobalSection(SolutionProperties) = preSolution
		HideSolutionNode = FALSE
	EndGlobalSection
EndGlobal
